
Microsoft Visual Studio Solution File, Format Version 12.00
# Visual Studio Version 17
VisualStudioVersion = 17.3.32922.545
MinimumVisualStudioVersion = 10.0.40219.1
Project("{FAE04EC0-301F-11D3-BF4B-00C04F79EFBC}") = "Шарпы11", "Шарпы11\Шарпы11.csproj", "{5911CC93-3CB3-42AE-B8CF-02212F9A49E1}"
EndProject
Global
	GlobalSection(SolutionConfigurationPlatforms) = preSolution
		Debug|Any CPU = Debug|Any CPU
		Release|Any CPU = Release|Any CPU
	EndGlobalSection
	GlobalSection(ProjectConfigurationPlatforms) = postSolution
		{5911CC93-3CB3-42AE-B8CF-02212F9A49E1}.Debug|Any CPU.ActiveCfg = Debug|Any CPU
		{5911CC93-3CB3-42AE-B8CF-02212F9A49E1}.Debug|Any CPU.Build.0 = Debug|Any CPU
		{5911CC93-3CB3-42AE-B8CF-02212F9A49E1}.Release|Any CPU.ActiveCfg = Release|Any CPU
		{5911CC93-3CB3-42AE-B8CF-02212F9A49E1}.Release|Any CPU.Build.0 = Release|Any CPU
	EndGlobalSection
	GlobalSection(SolutionProperties) = preSolution
		HideSolutionNode = FALSE
	EndGlobalSection
	GlobalSection(ExtensibilityGlobals) = postSolution
		SolutionGuid = {6FDEC0C3-9EF4-46CC-BEF0-96A066B084FB}
	EndGlobalSection
EndGlobal
