
Microsoft Visual Studio Solution File, Format Version 12.00
# Visual Studio Version 17
VisualStudioVersion = 17.3.32922.545
MinimumVisualStudioVersion = 10.0.40219.1
Project("{FAE04EC0-301F-11D3-BF4B-00C04F79EFBC}") = "шарпы2", "шарпы2\шарпы2.csproj", "{999FC06C-55A9-47CD-804A-7A6BFCDDF808}"
EndProject
Global
	GlobalSection(SolutionConfigurationPlatforms) = preSolution
		Debug|Any CPU = Debug|Any CPU
		Release|Any CPU = Release|Any CPU
	EndGlobalSection
	GlobalSection(ProjectConfigurationPlatforms) = postSolution
		{999FC06C-55A9-47CD-804A-7A6BFCDDF808}.Debug|Any CPU.ActiveCfg = Debug|Any CPU
		{999FC06C-55A9-47CD-804A-7A6BFCDDF808}.Debug|Any CPU.Build.0 = Debug|Any CPU
		{999FC06C-55A9-47CD-804A-7A6BFCDDF808}.Release|Any CPU.ActiveCfg = Release|Any CPU
		{999FC06C-55A9-47CD-804A-7A6BFCDDF808}.Release|Any CPU.Build.0 = Release|Any CPU
	EndGlobalSection
	GlobalSection(SolutionProperties) = preSolution
		HideSolutionNode = FALSE
	EndGlobalSection
	GlobalSection(ExtensibilityGlobals) = postSolution
		SolutionGuid = {801F59D0-4486-4680-8D33-1DEDD8287693}
	EndGlobalSection
EndGlobal
